// !$*UTF8*$!
{
	archiveVersion = 1;
	classes = {
	};
	objectVersion = 77;
	objects = {

/* Begin PBXBuildFile section */
		19EA47F22D116E7500F4A84E /* Preview Assets.xcassets in Resources */ = {isa = PBXBuildFile; fileRef = 19EA47EA2D116E7500F4A84E /* Preview Assets.xcassets */; };
		19EA47F32D116E7500F4A84E /* Assets.xcassets in Resources */ = {isa = PBXBuildFile; fileRef = 19EA47ED2D116E7500F4A84E /* Assets.xcassets */; };
		19EA47F42D116E7500F4A84E /* ContentView.swift in Sources */ = {isa = PBXBuildFile; fileRef = 19EA47EE2D116E7500F4A84E /* ContentView.swift */; };
		19EA47F52D116E7500F4A84E /* SelectableStations.swift in Sources */ = {isa = PBXBuildFile; fileRef = 19EA47EF2D116E7500F4A84E /* SelectableStations.swift */; };
		19EA47F62D116E7500F4A84E /* TimeTableSampleApp.swift in Sources */ = {isa = PBXBuildFile; fileRef = 19EA47F02D116E7500F4A84E /* TimeTableSampleApp.swift */; };
		19EA47F92D12A79800F4A84E /* TimeTable.swift in Sources */ = {isa = PBXBuildFile; fileRef = 19EA47F82D12A79500F4A84E /* TimeTable.swift */; };
		19EA47FB2D12A83900F4A84E /* RailDirection.swift in Sources */ = {isa = PBXBuildFile; fileRef = 19EA47FA2D12A83000F4A84E /* RailDirection.swift */; };
		19EA47FD2D12A86900F4A84E /* DayType.swift in Sources */ = {isa = PBXBuildFile; fileRef = 19EA47FC2D12A86800F4A84E /* DayType.swift */; };
		19EA47FF2D12A92700F4A84E /* TimeInfo.swift in Sources */ = {isa = PBXBuildFile; fileRef = 19EA47FE2D12A92400F4A84E /* TimeInfo.swift */; };
		19EA48012D12A95200F4A84E /* TrainType.swift in Sources */ = {isa = PBXBuildFile; fileRef = 19EA48002D12A95100F4A84E /* TrainType.swift */; };
		19EA48032D12A9C000F4A84E /* DestinationStation.swift in Sources */ = {isa = PBXBuildFile; fileRef = 19EA48022D12A9BC00F4A84E /* DestinationStation.swift */; };
		19EA48062D12AB6700F4A84E /* TimeTableAPI.swift in Sources */ = {isa = PBXBuildFile; fileRef = 19EA48052D12AB5B00F4A84E /* TimeTableAPI.swift */; };
		19EA480A2D12BBA900F4A84E /* APIError.swift in Sources */ = {isa = PBXBuildFile; fileRef = 19EA48092D12BBA400F4A84E /* APIError.swift */; };
		19EA480D2D12BF6600F4A84E /* ContentViewModel.swift in Sources */ = {isa = PBXBuildFile; fileRef = 19EA480C2D12BF6200F4A84E /* ContentViewModel.swift */; };
/* End PBXBuildFile section */

/* Begin PBXFileReference section */
		19C413322D0737CB00078CBA /* TimeTableSample.app */ = {isa = PBXFileReference; explicitFileType = wrapper.application; includeInIndex = 0; path = TimeTableSample.app; sourceTree = BUILT_PRODUCTS_DIR; };
		19EA47EA2D116E7500F4A84E /* Preview Assets.xcassets */ = {isa = PBXFileReference; lastKnownFileType = folder.assetcatalog; path = "Preview Assets.xcassets"; sourceTree = "<group>"; };
		19EA47ED2D116E7500F4A84E /* Assets.xcassets */ = {isa = PBXFileReference; lastKnownFileType = folder.assetcatalog; path = Assets.xcassets; sourceTree = "<group>"; };
		19EA47EE2D116E7500F4A84E /* ContentView.swift */ = {isa = PBXFileReference; lastKnownFileType = sourcecode.swift; path = ContentView.swift; sourceTree = "<group>"; };
		19EA47EF2D116E7500F4A84E /* SelectableStations.swift */ = {isa = PBXFileReference; lastKnownFileType = sourcecode.swift; path = SelectableStations.swift; sourceTree = "<group>"; };
		19EA47F02D116E7500F4A84E /* TimeTableSampleApp.swift */ = {isa = PBXFileReference; lastKnownFileType = sourcecode.swift; path = TimeTableSampleApp.swift; sourceTree = "<group>"; };
		19EA47F82D12A79500F4A84E /* TimeTable.swift */ = {isa = PBXFileReference; lastKnownFileType = sourcecode.swift; path = TimeTable.swift; sourceTree = "<group>"; };
		19EA47FA2D12A83000F4A84E /* RailDirection.swift */ = {isa = PBXFileReference; lastKnownFileType = sourcecode.swift; path = RailDirection.swift; sourceTree = "<group>"; };
		19EA47FC2D12A86800F4A84E /* DayType.swift */ = {isa = PBXFileReference; lastKnownFileType = sourcecode.swift; path = DayType.swift; sourceTree = "<group>"; };
		19EA47FE2D12A92400F4A84E /* TimeInfo.swift */ = {isa = PBXFileReference; lastKnownFileType = sourcecode.swift; path = TimeInfo.swift; sourceTree = "<group>"; };
		19EA48002D12A95100F4A84E /* TrainType.swift */ = {isa = PBXFileReference; lastKnownFileType = sourcecode.swift; path = TrainType.swift; sourceTree = "<group>"; };
		19EA48022D12A9BC00F4A84E /* DestinationStation.swift */ = {isa = PBXFileReference; lastKnownFileType = sourcecode.swift; path = DestinationStation.swift; sourceTree = "<group>"; };
		19EA48052D12AB5B00F4A84E /* TimeTableAPI.swift */ = {isa = PBXFileReference; lastKnownFileType = sourcecode.swift; path = TimeTableAPI.swift; sourceTree = "<group>"; };
		19EA48092D12BBA400F4A84E /* APIError.swift */ = {isa = PBXFileReference; lastKnownFileType = sourcecode.swift; path = APIError.swift; sourceTree = "<group>"; };
		19EA480C2D12BF6200F4A84E /* ContentViewModel.swift */ = {isa = PBXFileReference; lastKnownFileType = sourcecode.swift; path = ContentViewModel.swift; sourceTree = "<group>"; };
/* End PBXFileReference section */

/* Begin PBXFrameworksBuildPhase section */
		19C4132F2D0737CB00078CBA /* Frameworks */ = {
			isa = PBXFrameworksBuildPhase;
			buildActionMask = 2147483647;
			files = (
			);
			runOnlyForDeploymentPostprocessing = 0;
		};
/* End PBXFrameworksBuildPhase section */

/* Begin PBXGroup section */
		19C413292D0737CB00078CBA = {
			isa = PBXGroup;
			children = (
				19EA47F12D116E7500F4A84E /* TimeTableSample */,
				19C413332D0737CB00078CBA /* Products */,
			);
			sourceTree = "<group>";
		};
		19C413332D0737CB00078CBA /* Products */ = {
			isa = PBXGroup;
			children = (
				19C413322D0737CB00078CBA /* TimeTableSample.app */,
			);
			name = Products;
			sourceTree = "<group>";
		};
		19EA47EB2D116E7500F4A84E /* Preview Content */ = {
			isa = PBXGroup;
			children = (
				19EA47EA2D116E7500F4A84E /* Preview Assets.xcassets */,
			);
			path = "Preview Content";
			sourceTree = "<group>";
		};
		19EA47EC2D116E7500F4A84E /* View */ = {
			isa = PBXGroup;
			children = (
				19EA47EE2D116E7500F4A84E /* ContentView.swift */,
			);
			path = View;
			sourceTree = "<group>";
		};
		19EA47F12D116E7500F4A84E /* TimeTableSample */ = {
			isa = PBXGroup;
			children = (
				19EA47F02D116E7500F4A84E /* TimeTableSampleApp.swift */,
				19EA47ED2D116E7500F4A84E /* Assets.xcassets */,
				19EA47EC2D116E7500F4A84E /* View */,
				19EA480B2D12BF4A00F4A84E /* ViewModel */,
				19EA47F72D116E8900F4A84E /* Model */,
				19EA48042D12AB2400F4A84E /* API */,
				19EA47EB2D116E7500F4A84E /* Preview Content */,
			);
			path = TimeTableSample;
			sourceTree = "<group>";
		};
		19EA47F72D116E8900F4A84E /* Model */ = {
			isa = PBXGroup;
			children = (
				19EA47EF2D116E7500F4A84E /* SelectableStations.swift */,
				19EA47F82D12A79500F4A84E /* TimeTable.swift */,
				19EA47FA2D12A83000F4A84E /* RailDirection.swift */,
				19EA47FC2D12A86800F4A84E /* DayType.swift */,
				19EA47FE2D12A92400F4A84E /* TimeInfo.swift */,
				19EA48002D12A95100F4A84E /* TrainType.swift */,
				19EA48022D12A9BC00F4A84E /* DestinationStation.swift */,
			);
			path = Model;
			sourceTree = "<group>";
		};
		19EA48042D12AB2400F4A84E /* API */ = {
			isa = PBXGroup;
			children = (
				19EA48052D12AB5B00F4A84E /* TimeTableAPI.swift */,
				19EA48092D12BBA400F4A84E /* APIError.swift */,
			);
			path = API;
			sourceTree = "<group>";
		};
		19EA480B2D12BF4A00F4A84E /* ViewModel */ = {
			isa = PBXGroup;
			children = (
				19EA480C2D12BF6200F4A84E /* ContentViewModel.swift */,
			);
			path = ViewModel;
			sourceTree = "<group>";
		};
/* End PBXGroup section */

/* Begin PBXNativeTarget section */
		19C413312D0737CB00078CBA /* TimeTableSample */ = {
			isa = PBXNativeTarget;
			buildConfigurationList = 19C413402D0737CC00078CBA /* Build configuration list for PBXNativeTarget "TimeTableSample" */;
			buildPhases = (
				19C4132E2D0737CB00078CBA /* Sources */,
				19C4132F2D0737CB00078CBA /* Frameworks */,
				19C413302D0737CB00078CBA /* Resources */,
			);
			buildRules = (
			);
			dependencies = (
			);
			name = TimeTableSample;
			packageProductDependencies = (
			);
			productName = TimeTableSample;
			productReference = 19C413322D0737CB00078CBA /* TimeTableSample.app */;
			productType = "com.apple.product-type.application";
		};
/* End PBXNativeTarget section */

/* Begin PBXProject section */
		19C4132A2D0737CB00078CBA /* Project object */ = {
			isa = PBXProject;
			attributes = {
				BuildIndependentTargetsInParallel = 1;
				LastSwiftUpdateCheck = 1600;
				LastUpgradeCheck = 1600;
				TargetAttributes = {
					19C413312D0737CB00078CBA = {
						CreatedOnToolsVersion = 16.0;
					};
				};
			};
			buildConfigurationList = 19C4132D2D0737CB00078CBA /* Build configuration list for PBXProject "TimeTableSample" */;
			developmentRegion = en;
			hasScannedForEncodings = 0;
			knownRegions = (
				en,
				Base,
			);
			mainGroup = 19C413292D0737CB00078CBA;
			minimizedProjectReferenceProxies = 1;
			preferredProjectObjectVersion = 77;
			productRefGroup = 19C413332D0737CB00078CBA /* Products */;
			projectDirPath = "";
			projectRoot = "";
			targets = (
				19C413312D0737CB00078CBA /* TimeTableSample */,
			);
		};
/* End PBXProject section */

/* Begin PBXResourcesBuildPhase section */
		19C413302D0737CB00078CBA /* Resources */ = {
			isa = PBXResourcesBuildPhase;
			buildActionMask = 2147483647;
			files = (
				19EA47F22D116E7500F4A84E /* Preview Assets.xcassets in Resources */,
				19EA47F32D116E7500F4A84E /* Assets.xcassets in Resources */,
			);
			runOnlyForDeploymentPostprocessing = 0;
		};
/* End PBXResourcesBuildPhase section */

/* Begin PBXSourcesBuildPhase section */
		19C4132E2D0737CB00078CBA /* Sources */ = {
			isa = PBXSourcesBuildPhase;
			buildActionMask = 2147483647;
			files = (
				19EA47FF2D12A92700F4A84E /* TimeInfo.swift in Sources */,
				19EA47F42D116E7500F4A84E /* ContentView.swift in Sources */,
				19EA48012D12A95200F4A84E /* TrainType.swift in Sources */,
				19EA47F92D12A79800F4A84E /* TimeTable.swift in Sources */,
				19EA48062D12AB6700F4A84E /* TimeTableAPI.swift in Sources */,
				19EA47FD2D12A86900F4A84E /* DayType.swift in Sources */,
				19EA48032D12A9C000F4A84E /* DestinationStation.swift in Sources */,
				19EA47F52D116E7500F4A84E /* SelectableStations.swift in Sources */,
				19EA480D2D12BF6600F4A84E /* ContentViewModel.swift in Sources */,
				19EA47F62D116E7500F4A84E /* TimeTableSampleApp.swift in Sources */,
				19EA47FB2D12A83900F4A84E /* RailDirection.swift in Sources */,
				19EA480A2D12BBA900F4A84E /* APIError.swift in Sources */,
			);
			runOnlyForDeploymentPostprocessing = 0;
		};
/* End PBXSourcesBuildPhase section */

/* Begin XCBuildConfiguration section */
		19C4133E2D0737CC00078CBA /* Debug */ = {
			isa = XCBuildConfiguration;
			buildSettings = {
				ALWAYS_SEARCH_USER_PATHS = NO;
				ASSETCATALOG_COMPILER_GENERATE_SWIFT_ASSET_SYMBOL_EXTENSIONS = YES;
				CLANG_ANALYZER_NONNULL = YES;
				CLANG_ANALYZER_NUMBER_OBJECT_CONVERSION = YES_AGGRESSIVE;
				CLANG_CXX_LANGUAGE_STANDARD = "gnu++20";
				CLANG_ENABLE_MODULES = YES;
				CLANG_ENABLE_OBJC_ARC = YES;
				CLANG_ENABLE_OBJC_WEAK = YES;
				CLANG_WARN_BLOCK_CAPTURE_AUTORELEASING = YES;
				CLANG_WARN_BOOL_CONVERSION = YES;
				CLANG_WARN_COMMA = YES;
				CLANG_WARN_CONSTANT_CONVERSION = YES;
				CLANG_WARN_DEPRECATED_OBJC_IMPLEMENTATIONS = YES;
				CLANG_WARN_DIRECT_OBJC_ISA_USAGE = YES_ERROR;
				CLANG_WARN_DOCUMENTATION_COMMENTS = YES;
				CLANG_WARN_EMPTY_BODY = YES;
				CLANG_WARN_ENUM_CONVERSION = YES;
				CLANG_WARN_INFINITE_RECURSION = YES;
				CLANG_WARN_INT_CONVERSION = YES;
				CLANG_WARN_NON_LITERAL_NULL_CONVERSION = YES;
				CLANG_WARN_OBJC_IMPLICIT_RETAIN_SELF = YES;
				CLANG_WARN_OBJC_LITERAL_CONVERSION = YES;
				CLANG_WARN_OBJC_ROOT_CLASS = YES_ERROR;
				CLANG_WARN_QUOTED_INCLUDE_IN_FRAMEWORK_HEADER = YES;
				CLANG_WARN_RANGE_LOOP_ANALYSIS = YES;
				CLANG_WARN_STRICT_PROTOTYPES = YES;
				CLANG_WARN_SUSPICIOUS_MOVE = YES;
				CLANG_WARN_UNGUARDED_AVAILABILITY = YES_AGGRESSIVE;
				CLANG_WARN_UNREACHABLE_CODE = YES;
				CLANG_WARN__DUPLICATE_METHOD_MATCH = YES;
				COPY_PHASE_STRIP = NO;
				DEBUG_INFORMATION_FORMAT = dwarf;
				ENABLE_STRICT_OBJC_MSGSEND = YES;
				ENABLE_TESTABILITY = YES;
				ENABLE_USER_SCRIPT_SANDBOXING = YES;
				GCC_C_LANGUAGE_STANDARD = gnu17;
				GCC_DYNAMIC_NO_PIC = NO;
				GCC_NO_COMMON_BLOCKS = YES;
				GCC_OPTIMIZATION_LEVEL = 0;
				GCC_PREPROCESSOR_DEFINITIONS = (
					"DEBUG=1",
					"$(inherited)",
				);
				GCC_WARN_64_TO_32_BIT_CONVERSION = YES;
				GCC_WARN_ABOUT_RETURN_TYPE = YES_ERROR;
				GCC_WARN_UNDECLARED_SELECTOR = YES;
				GCC_WARN_UNINITIALIZED_AUTOS = YES_AGGRESSIVE;
				GCC_WARN_UNUSED_FUNCTION = YES;
				GCC_WARN_UNUSED_VARIABLE = YES;
				IPHONEOS_DEPLOYMENT_TARGET = 16.6;
				LOCALIZATION_PREFERS_STRING_CATALOGS = YES;
				MTL_ENABLE_DEBUG_INFO = INCLUDE_SOURCE;
				MTL_FAST_MATH = YES;
				ONLY_ACTIVE_ARCH = YES;
				SDKROOT = iphoneos;
				SWIFT_ACTIVE_COMPILATION_CONDITIONS = "DEBUG $(inherited)";
				SWIFT_OPTIMIZATION_LEVEL = "-Onone";
			};
			name = Debug;
		};
		19C4133F2D0737CC00078CBA /* Release */ = {
			isa = XCBuildConfiguration;
			buildSettings = {
				ALWAYS_SEARCH_USER_PATHS = NO;
				ASSETCATALOG_COMPILER_GENERATE_SWIFT_ASSET_SYMBOL_EXTENSIONS = YES;
				CLANG_ANALYZER_NONNULL = YES;
				CLANG_ANALYZER_NUMBER_OBJECT_CONVERSION = YES_AGGRESSIVE;
				CLANG_CXX_LANGUAGE_STANDARD = "gnu++20";
				CLANG_ENABLE_MODULES = YES;
				CLANG_ENABLE_OBJC_ARC = YES;
				CLANG_ENABLE_OBJC_WEAK = YES;
				CLANG_WARN_BLOCK_CAPTURE_AUTORELEASING = YES;
				CLANG_WARN_BOOL_CONVERSION = YES;
				CLANG_WARN_COMMA = YES;
				CLANG_WARN_CONSTANT_CONVERSION = YES;
				CLANG_WARN_DEPRECATED_OBJC_IMPLEMENTATIONS = YES;
				CLANG_WARN_DIRECT_OBJC_ISA_USAGE = YES_ERROR;
				CLANG_WARN_DOCUMENTATION_COMMENTS = YES;
				CLANG_WARN_EMPTY_BODY = YES;
				CLANG_WARN_ENUM_CONVERSION = YES;
				CLANG_WARN_INFINITE_RECURSION = YES;
				CLANG_WARN_INT_CONVERSION = YES;
				CLANG_WARN_NON_LITERAL_NULL_CONVERSION = YES;
				CLANG_WARN_OBJC_IMPLICIT_RETAIN_SELF = YES;
				CLANG_WARN_OBJC_LITERAL_CONVERSION = YES;
				CLANG_WARN_OBJC_ROOT_CLASS = YES_ERROR;
				CLANG_WARN_QUOTED_INCLUDE_IN_FRAMEWORK_HEADER = YES;
				CLANG_WARN_RANGE_LOOP_ANALYSIS = YES;
				CLANG_WARN_STRICT_PROTOTYPES = YES;
				CLANG_WARN_SUSPICIOUS_MOVE = YES;
				CLANG_WARN_UNGUARDED_AVAILABILITY = YES_AGGRESSIVE;
				CLANG_WARN_UNREACHABLE_CODE = YES;
				CLANG_WARN__DUPLICATE_METHOD_MATCH = YES;
				COPY_PHASE_STRIP = NO;
				DEBUG_INFORMATION_FORMAT = "dwarf-with-dsym";
				ENABLE_NS_ASSERTIONS = NO;
				ENABLE_STRICT_OBJC_MSGSEND = YES;
				ENABLE_USER_SCRIPT_SANDBOXING = YES;
				GCC_C_LANGUAGE_STANDARD = gnu17;
				GCC_NO_COMMON_BLOCKS = YES;
				GCC_WARN_64_TO_32_BIT_CONVERSION = YES;
				GCC_WARN_ABOUT_RETURN_TYPE = YES_ERROR;
				GCC_WARN_UNDECLARED_SELECTOR = YES;
				GCC_WARN_UNINITIALIZED_AUTOS = YES_AGGRESSIVE;
				GCC_WARN_UNUSED_FUNCTION = YES;
				GCC_WARN_UNUSED_VARIABLE = YES;
				IPHONEOS_DEPLOYMENT_TARGET = 16.6;
				LOCALIZATION_PREFERS_STRING_CATALOGS = YES;
				MTL_ENABLE_DEBUG_INFO = NO;
				MTL_FAST_MATH = YES;
				SDKROOT = iphoneos;
				SWIFT_COMPILATION_MODE = wholemodule;
				VALIDATE_PRODUCT = YES;
			};
			name = Release;
		};
		19C413412D0737CC00078CBA /* Debug */ = {
			isa = XCBuildConfiguration;
			buildSettings = {
				ASSETCATALOG_COMPILER_APPICON_NAME = AppIcon;
				ASSETCATALOG_COMPILER_GLOBAL_ACCENT_COLOR_NAME = AccentColor;
				CODE_SIGN_STYLE = Automatic;
				CURRENT_PROJECT_VERSION = 1;
				DEVELOPMENT_ASSET_PATHS = "\"TimeTableSample/Preview Content\"";
				DEVELOPMENT_TEAM = 7M7ZGYSAKB;
				ENABLE_PREVIEWS = YES;
				GENERATE_INFOPLIST_FILE = YES;
				INFOPLIST_KEY_UIApplicationSceneManifest_Generation = YES;
				INFOPLIST_KEY_UIApplicationSupportsIndirectInputEvents = YES;
				INFOPLIST_KEY_UILaunchScreen_Generation = YES;
				INFOPLIST_KEY_UISupportedInterfaceOrientations = UIInterfaceOrientationPortrait;
				INFOPLIST_KEY_UISupportedInterfaceOrientations_iPad = "UIInterfaceOrientationLandscapeLeft UIInterfaceOrientationLandscapeRight UIInterfaceOrientationPortrait";
				IPHONEOS_DEPLOYMENT_TARGET = 16.0;
				LD_RUNPATH_SEARCH_PATHS = (
					"$(inherited)",
					"@executable_path/Frameworks",
				);
				MARKETING_VERSION = 1.0;
				PRODUCT_BUNDLE_IDENTIFIER = com.ASTK.TimeTableSample;
				PRODUCT_NAME = "$(TARGET_NAME)";
				SUPPORTED_PLATFORMS = "iphoneos iphonesimulator";
				SUPPORTS_MACCATALYST = NO;
				SUPPORTS_MAC_DESIGNED_FOR_IPHONE_IPAD = NO;
				SUPPORTS_XR_DESIGNED_FOR_IPHONE_IPAD = NO;
				SWIFT_EMIT_LOC_STRINGS = YES;
				SWIFT_VERSION = 5.0;
				TARGETED_DEVICE_FAMILY = 1;
			};
			name = Debug;
		};
		19C413422D0737CC00078CBA /* Release */ = {
			isa = XCBuildConfiguration;
			buildSettings = {
				ASSETCATALOG_COMPILER_APPICON_NAME = AppIcon;
				ASSETCATALOG_COMPILER_GLOBAL_ACCENT_COLOR_NAME = AccentColor;
				CODE_SIGN_STYLE = Automatic;
				CURRENT_PROJECT_VERSION = 1;
				DEVELOPMENT_ASSET_PATHS = "\"TimeTableSample/Preview Content\"";
				DEVELOPMENT_TEAM = 7M7ZGYSAKB;
				ENABLE_PREVIEWS = YES;
				GENERATE_INFOPLIST_FILE = YES;
				INFOPLIST_KEY_UIApplicationSceneManifest_Generation = YES;
				INFOPLIST_KEY_UIApplicationSupportsIndirectInputEvents = YES;
				INFOPLIST_KEY_UILaunchScreen_Generation = YES;
				INFOPLIST_KEY_UISupportedInterfaceOrientations = UIInterfaceOrientationPortrait;
				INFOPLIST_KEY_UISupportedInterfaceOrientations_iPad = "UIInterfaceOrientationLandscapeLeft UIInterfaceOrientationLandscapeRight UIInterfaceOrientationPortrait";
				IPHONEOS_DEPLOYMENT_TARGET = 16.0;
				LD_RUNPATH_SEARCH_PATHS = (
					"$(inherited)",
					"@executable_path/Frameworks",
				);
				MARKETING_VERSION = 1.0;
				PRODUCT_BUNDLE_IDENTIFIER = com.ASTK.TimeTableSample;
				PRODUCT_NAME = "$(TARGET_NAME)";
				SUPPORTED_PLATFORMS = "iphoneos iphonesimulator";
				SUPPORTS_MACCATALYST = NO;
				SUPPORTS_MAC_DESIGNED_FOR_IPHONE_IPAD = NO;
				SUPPORTS_XR_DESIGNED_FOR_IPHONE_IPAD = NO;
				SWIFT_EMIT_LOC_STRINGS = YES;
				SWIFT_VERSION = 5.0;
				TARGETED_DEVICE_FAMILY = 1;
			};
			name = Release;
		};
/* End XCBuildConfiguration section */

/* Begin XCConfigurationList section */
		19C4132D2D0737CB00078CBA /* Build configuration list for PBXProject "TimeTableSample" */ = {
			isa = XCConfigurationList;
			buildConfigurations = (
				19C4133E2D0737CC00078CBA /* Debug */,
				19C4133F2D0737CC00078CBA /* Release */,
			);
			defaultConfigurationIsVisible = 0;
			defaultConfigurationName = Release;
		};
		19C413402D0737CC00078CBA /* Build configuration list for PBXNativeTarget "TimeTableSample" */ = {
			isa = XCConfigurationList;
			buildConfigurations = (
				19C413412D0737CC00078CBA /* Debug */,
				19C413422D0737CC00078CBA /* Release */,
			);
			defaultConfigurationIsVisible = 0;
			defaultConfigurationName = Release;
		};
/* End XCConfigurationList section */
	};
	rootObject = 19C4132A2D0737CB00078CBA /* Project object */;
}
